
Microsoft Visual Studio Solution File, Format Version 12.00
# Visual Studio Version 17
VisualStudioVersion = 17.8.34408.163
MinimumVisualStudioVersion = 10.0.40219.1
Project("{FAE04EC0-301F-11D3-BF4B-00C04F79EFBC}") = "RollingDice", "RollingDice.csproj", "{D59C16A1-A649-48AD-8AF0-2C299370E8BB}"
EndProject
Global
	GlobalSection(SolutionConfigurationPlatforms) = preSolution
		Debug|Any CPU = Debug|Any CPU
		Release|Any CPU = Release|Any CPU
	EndGlobalSection
	GlobalSection(ProjectConfigurationPlatforms) = postSolution
		{D59C16A1-A649-48AD-8AF0-2C299370E8BB}.Debug|Any CPU.ActiveCfg = Debug|Any CPU
		{D59C16A1-A649-48AD-8AF0-2C299370E8BB}.Debug|Any CPU.Build.0 = Debug|Any CPU
		{D59C16A1-A649-48AD-8AF0-2C299370E8BB}.Release|Any CPU.ActiveCfg = Release|Any CPU
		{D59C16A1-A649-48AD-8AF0-2C299370E8BB}.Release|Any CPU.Build.0 = Release|Any CPU
	EndGlobalSection
	GlobalSection(SolutionProperties) = preSolution
		HideSolutionNode = FALSE
	EndGlobalSection
	GlobalSection(ExtensibilityGlobals) = postSolution
		SolutionGuid = {9D24C4D6-4139-4326-A412-9E7BEEF7E383}
	EndGlobalSection
EndGlobal
